
Microsoft Visual Studio Solution File, Format Version 12.00
# Visual Studio 14
VisualStudioVersion = 14.0.25420.1
MinimumVisualStudioVersion = 10.0.40219.1
Project("{FAE04EC0-301F-11D3-BF4B-00C04F79EFBC}") = "TMS", "TMS\TMS.csproj", "{E2BC7138-29FE-4B3E-84AE-A23CFC41EE9D}"
EndProject
Global
	GlobalSection(SolutionConfigurationPlatforms) = preSolution
		Debug|Any CPU = Debug|Any CPU
		Release|Any CPU = Release|Any CPU
	EndGlobalSection
	GlobalSection(ProjectConfigurationPlatforms) = postSolution
		{E2BC7138-29FE-4B3E-84AE-A23CFC41EE9D}.Debug|Any CPU.ActiveCfg = Debug|Any CPU
		{E2BC7138-29FE-4B3E-84AE-A23CFC41EE9D}.Debug|Any CPU.Build.0 = Debug|Any CPU
		{E2BC7138-29FE-4B3E-84AE-A23CFC41EE9D}.Release|Any CPU.ActiveCfg = Release|Any CPU
		{E2BC7138-29FE-4B3E-84AE-A23CFC41EE9D}.Release|Any CPU.Build.0 = Release|Any CPU
	EndGlobalSection
	GlobalSection(SolutionProperties) = preSolution
		HideSolutionNode = FALSE
	EndGlobalSection
EndGlobal
